
Microsoft Visual Studio Solution File, Format Version 12.00
# Visual Studio Version 16
VisualStudioVersion = 16.0.31105.61
MinimumVisualStudioVersion = 10.0.40219.1
Project("{FAE04EC0-301F-11D3-BF4B-00C04F79EFBC}") = "ado", "ado\ado.csproj", "{CE3A34D8-D1E0-487C-B592-B94C09BA33F1}"
EndProject
Global
	GlobalSection(SolutionConfigurationPlatforms) = preSolution
		Debug|Any CPU = Debug|Any CPU
		Release|Any CPU = Release|Any CPU
	EndGlobalSection
	GlobalSection(ProjectConfigurationPlatforms) = postSolution
		{CE3A34D8-D1E0-487C-B592-B94C09BA33F1}.Debug|Any CPU.ActiveCfg = Debug|Any CPU
		{CE3A34D8-D1E0-487C-B592-B94C09BA33F1}.Debug|Any CPU.Build.0 = Debug|Any CPU
		{CE3A34D8-D1E0-487C-B592-B94C09BA33F1}.Release|Any CPU.ActiveCfg = Release|Any CPU
		{CE3A34D8-D1E0-487C-B592-B94C09BA33F1}.Release|Any CPU.Build.0 = Release|Any CPU
	EndGlobalSection
	GlobalSection(SolutionProperties) = preSolution
		HideSolutionNode = FALSE
	EndGlobalSection
	GlobalSection(ExtensibilityGlobals) = postSolution
		SolutionGuid = {6B2C5C6B-4A06-4B1D-BBE1-986D6D6EA8A4}
	EndGlobalSection
EndGlobal
